
Microsoft Visual Studio Solution File, Format Version 12.00
# Visual Studio Version 17
VisualStudioVersion = 17.9.34728.123
MinimumVisualStudioVersion = 10.0.40219.1
Project("{2150E333-8FDC-42A3-9474-1A3956D46DE8}") = "Services", "Services", "{2706E3CB-BD7D-4401-88E5-1F91B892C5BE}"
EndProject
Project("{2150E333-8FDC-42A3-9474-1A3956D46DE8}") = "BuildingBlocks", "BuildingBlocks", "{EC8754FC-B462-4C50-A99C-BB526DE6539D}"
EndProject
Project("{9A19103F-16F7-4668-BE54-9A1E7A4F7556}") = "BuildingBlocks", "BuildingBlocks\BuildingBlocks\BuildingBlocks.csproj", "{749FBE57-656E-467B-8C34-D708755201F4}"
EndProject
Project("{E53339B2-1760-4266-BCC7-CA923CBCF16C}") = "docker-compose", "docker-compose.dcproj", "{94EBB306-5EAE-44C1-9AF0-84D14EFD513E}"
EndProject
Project("{2150E333-8FDC-42A3-9474-1A3956D46DE8}") = "Basket", "Basket", "{11F37D0C-2B9F-4712-898E-A7B1018BA98F}"
EndProject
Project("{9A19103F-16F7-4668-BE54-9A1E7A4F7556}") = "Basket.API", "Services\Basket\Basket.API\Basket.API.csproj", "{357603BA-2DF7-4349-B3C2-D9EA8D95DE77}"
EndProject
Project("{2150E333-8FDC-42A3-9474-1A3956D46DE8}") = "Solution Items", "Solution Items", "{3D31A37B-6FA4-43EE-BFC2-23AFC361BD05}"
	ProjectSection(SolutionItems) = preProject
		.editorconfig = .editorconfig
	EndProjectSection
EndProject
Project("{2150E333-8FDC-42A3-9474-1A3956D46DE8}") = "Catalog", "Catalog", "{5F12B402-A892-49D5-A98C-7F2607512A3B}"
EndProject
Project("{9A19103F-16F7-4668-BE54-9A1E7A4F7556}") = "Catalog.API", "Services\Catalog\Catalog.API\Catalog.API.csproj", "{6909A3B7-DB43-436A-A01B-DA57F78E8229}"
EndProject
Project("{2150E333-8FDC-42A3-9474-1A3956D46DE8}") = "Discount", "Discount", "{E46C8E1A-F64A-4A57-98D1-FFC5462DDA8D}"
EndProject
Project("{9A19103F-16F7-4668-BE54-9A1E7A4F7556}") = "Discount.Grpc", "Services\Discount\Discount.Grpc\Discount.Grpc.csproj", "{F2C968DF-C8A6-44FA-9D99-A864F071037B}"
EndProject
Project("{2150E333-8FDC-42A3-9474-1A3956D46DE8}") = "Ordering", "Ordering", "{09D649B5-F1B8-4ADC-B5AA-556100AD087B}"
EndProject
Project("{9A19103F-16F7-4668-BE54-9A1E7A4F7556}") = "Ordering.API", "Services\Ordering\Ordering.API\Ordering.API.csproj", "{85DB9245-DB9B-494B-9A93-13F20115557D}"
EndProject
Project("{9A19103F-16F7-4668-BE54-9A1E7A4F7556}") = "Ordering.Domain", "Services\Ordering\Ordering.Domain\Ordering.Domain.csproj", "{9F6EFB46-7922-4DF0-AAEC-9E22AFC6DF54}"
EndProject
Project("{9A19103F-16F7-4668-BE54-9A1E7A4F7556}") = "Ordering.Application", "Services\Ordering\Ordering.Application\Ordering.Application.csproj", "{2866F034-00CA-465E-8AFD-142726C744AA}"
EndProject
Project("{9A19103F-16F7-4668-BE54-9A1E7A4F7556}") = "Ordering.Infrastructure", "Services\Ordering\Ordering.Infrastructure\Ordering.Infrastructure.csproj", "{AF673965-9C21-42F1-8594-BE3A3FCC645C}"
EndProject
Project("{FAE04EC0-301F-11D3-BF4B-00C04F79EFBC}") = "BuildingBlocks.Messaging", "BuildingBlocks\BuildingBlocks.Messaging\BuildingBlocks.Messaging.csproj", "{D3481A6F-6861-447E-BC80-FCC393DCC991}"
EndProject
Project("{2150E333-8FDC-42A3-9474-1A3956D46DE8}") = "ApiGateways", "ApiGateways", "{7A044B0B-E4FB-46B8-93C1-CE3D2F04C45E}"
EndProject
Project("{FAE04EC0-301F-11D3-BF4B-00C04F79EFBC}") = "YarpApiGateway", "ApiGateways\YarpApiGateway\YarpApiGateway.csproj", "{BB60842A-DA46-4B17-B5FF-661EF57BB94E}"
EndProject
Project("{2150E333-8FDC-42A3-9474-1A3956D46DE8}") = "WebApps", "WebApps", "{4F94BA0F-6ACF-4E32-8699-DB7A77ACA4B4}"
EndProject
Project("{FAE04EC0-301F-11D3-BF4B-00C04F79EFBC}") = "Shopping.Web", "WebApps\Shopping.Web\Shopping.Web.csproj", "{DC1D9ADC-D237-40EF-9394-EC9E4CE75043}"
EndProject
Global
	GlobalSection(SolutionConfigurationPlatforms) = preSolution
		Debug|Any CPU = Debug|Any CPU
		Release|Any CPU = Release|Any CPU
	EndGlobalSection
	GlobalSection(ProjectConfigurationPlatforms) = postSolution
		{749FBE57-656E-467B-8C34-D708755201F4}.Debug|Any CPU.ActiveCfg = Debug|Any CPU
		{749FBE57-656E-467B-8C34-D708755201F4}.Debug|Any CPU.Build.0 = Debug|Any CPU
		{749FBE57-656E-467B-8C34-D708755201F4}.Release|Any CPU.ActiveCfg = Release|Any CPU
		{749FBE57-656E-467B-8C34-D708755201F4}.Release|Any CPU.Build.0 = Release|Any CPU
		{94EBB306-5EAE-44C1-9AF0-84D14EFD513E}.Debug|Any CPU.ActiveCfg = Debug|Any CPU
		{94EBB306-5EAE-44C1-9AF0-84D14EFD513E}.Debug|Any CPU.Build.0 = Debug|Any CPU
		{94EBB306-5EAE-44C1-9AF0-84D14EFD513E}.Release|Any CPU.ActiveCfg = Release|Any CPU
		{94EBB306-5EAE-44C1-9AF0-84D14EFD513E}.Release|Any CPU.Build.0 = Release|Any CPU
		{357603BA-2DF7-4349-B3C2-D9EA8D95DE77}.Debug|Any CPU.ActiveCfg = Debug|Any CPU
		{357603BA-2DF7-4349-B3C2-D9EA8D95DE77}.Debug|Any CPU.Build.0 = Debug|Any CPU
		{357603BA-2DF7-4349-B3C2-D9EA8D95DE77}.Release|Any CPU.ActiveCfg = Release|Any CPU
		{357603BA-2DF7-4349-B3C2-D9EA8D95DE77}.Release|Any CPU.Build.0 = Release|Any CPU
		{6909A3B7-DB43-436A-A01B-DA57F78E8229}.Debug|Any CPU.ActiveCfg = Debug|Any CPU
		{6909A3B7-DB43-436A-A01B-DA57F78E8229}.Debug|Any CPU.Build.0 = Debug|Any CPU
		{6909A3B7-DB43-436A-A01B-DA57F78E8229}.Release|Any CPU.ActiveCfg = Release|Any CPU
		{6909A3B7-DB43-436A-A01B-DA57F78E8229}.Release|Any CPU.Build.0 = Release|Any CPU
		{F2C968DF-C8A6-44FA-9D99-A864F071037B}.Debug|Any CPU.ActiveCfg = Debug|Any CPU
		{F2C968DF-C8A6-44FA-9D99-A864F071037B}.Debug|Any CPU.Build.0 = Debug|Any CPU
		{F2C968DF-C8A6-44FA-9D99-A864F071037B}.Release|Any CPU.ActiveCfg = Release|Any CPU
		{F2C968DF-C8A6-44FA-9D99-A864F071037B}.Release|Any CPU.Build.0 = Release|Any CPU
		{85DB9245-DB9B-494B-9A93-13F20115557D}.Debug|Any CPU.ActiveCfg = Debug|Any CPU
		{85DB9245-DB9B-494B-9A93-13F20115557D}.Debug|Any CPU.Build.0 = Debug|Any CPU
		{85DB9245-DB9B-494B-9A93-13F20115557D}.Release|Any CPU.ActiveCfg = Release|Any CPU
		{85DB9245-DB9B-494B-9A93-13F20115557D}.Release|Any CPU.Build.0 = Release|Any CPU
		{9F6EFB46-7922-4DF0-AAEC-9E22AFC6DF54}.Debug|Any CPU.ActiveCfg = Debug|Any CPU
		{9F6EFB46-7922-4DF0-AAEC-9E22AFC6DF54}.Debug|Any CPU.Build.0 = Debug|Any CPU
		{9F6EFB46-7922-4DF0-AAEC-9E22AFC6DF54}.Release|Any CPU.ActiveCfg = Release|Any CPU
		{9F6EFB46-7922-4DF0-AAEC-9E22AFC6DF54}.Release|Any CPU.Build.0 = Release|Any CPU
		{2866F034-00CA-465E-8AFD-142726C744AA}.Debug|Any CPU.ActiveCfg = Debug|Any CPU
		{2866F034-00CA-465E-8AFD-142726C744AA}.Debug|Any CPU.Build.0 = Debug|Any CPU
		{2866F034-00CA-465E-8AFD-142726C744AA}.Release|Any CPU.ActiveCfg = Release|Any CPU
		{2866F034-00CA-465E-8AFD-142726C744AA}.Release|Any CPU.Build.0 = Release|Any CPU
		{AF673965-9C21-42F1-8594-BE3A3FCC645C}.Debug|Any CPU.ActiveCfg = Debug|Any CPU
		{AF673965-9C21-42F1-8594-BE3A3FCC645C}.Debug|Any CPU.Build.0 = Debug|Any CPU
		{AF673965-9C21-42F1-8594-BE3A3FCC645C}.Release|Any CPU.ActiveCfg = Release|Any CPU
		{AF673965-9C21-42F1-8594-BE3A3FCC645C}.Release|Any CPU.Build.0 = Release|Any CPU
		{D3481A6F-6861-447E-BC80-FCC393DCC991}.Debug|Any CPU.ActiveCfg = Debug|Any CPU
		{D3481A6F-6861-447E-BC80-FCC393DCC991}.Debug|Any CPU.Build.0 = Debug|Any CPU
		{D3481A6F-6861-447E-BC80-FCC393DCC991}.Release|Any CPU.ActiveCfg = Release|Any CPU
		{D3481A6F-6861-447E-BC80-FCC393DCC991}.Release|Any CPU.Build.0 = Release|Any CPU
		{BB60842A-DA46-4B17-B5FF-661EF57BB94E}.Debug|Any CPU.ActiveCfg = Debug|Any CPU
		{BB60842A-DA46-4B17-B5FF-661EF57BB94E}.Debug|Any CPU.Build.0 = Debug|Any CPU
		{BB60842A-DA46-4B17-B5FF-661EF57BB94E}.Release|Any CPU.ActiveCfg = Release|Any CPU
		{BB60842A-DA46-4B17-B5FF-661EF57BB94E}.Release|Any CPU.Build.0 = Release|Any CPU
		{DC1D9ADC-D237-40EF-9394-EC9E4CE75043}.Debug|Any CPU.ActiveCfg = Debug|Any CPU
		{DC1D9ADC-D237-40EF-9394-EC9E4CE75043}.Debug|Any CPU.Build.0 = Debug|Any CPU
		{DC1D9ADC-D237-40EF-9394-EC9E4CE75043}.Release|Any CPU.ActiveCfg = Release|Any CPU
		{DC1D9ADC-D237-40EF-9394-EC9E4CE75043}.Release|Any CPU.Build.0 = Release|Any CPU
	EndGlobalSection
	GlobalSection(SolutionProperties) = preSolution
		HideSolutionNode = FALSE
	EndGlobalSection
	GlobalSection(NestedProjects) = preSolution
		{749FBE57-656E-467B-8C34-D708755201F4} = {EC8754FC-B462-4C50-A99C-BB526DE6539D}
		{11F37D0C-2B9F-4712-898E-A7B1018BA98F} = {2706E3CB-BD7D-4401-88E5-1F91B892C5BE}
		{357603BA-2DF7-4349-B3C2-D9EA8D95DE77} = {11F37D0C-2B9F-4712-898E-A7B1018BA98F}
		{5F12B402-A892-49D5-A98C-7F2607512A3B} = {2706E3CB-BD7D-4401-88E5-1F91B892C5BE}
		{6909A3B7-DB43-436A-A01B-DA57F78E8229} = {5F12B402-A892-49D5-A98C-7F2607512A3B}
		{E46C8E1A-F64A-4A57-98D1-FFC5462DDA8D} = {2706E3CB-BD7D-4401-88E5-1F91B892C5BE}
		{F2C968DF-C8A6-44FA-9D99-A864F071037B} = {E46C8E1A-F64A-4A57-98D1-FFC5462DDA8D}
		{09D649B5-F1B8-4ADC-B5AA-556100AD087B} = {2706E3CB-BD7D-4401-88E5-1F91B892C5BE}
		{85DB9245-DB9B-494B-9A93-13F20115557D} = {09D649B5-F1B8-4ADC-B5AA-556100AD087B}
		{9F6EFB46-7922-4DF0-AAEC-9E22AFC6DF54} = {09D649B5-F1B8-4ADC-B5AA-556100AD087B}
		{2866F034-00CA-465E-8AFD-142726C744AA} = {09D649B5-F1B8-4ADC-B5AA-556100AD087B}
		{AF673965-9C21-42F1-8594-BE3A3FCC645C} = {09D649B5-F1B8-4ADC-B5AA-556100AD087B}
		{D3481A6F-6861-447E-BC80-FCC393DCC991} = {EC8754FC-B462-4C50-A99C-BB526DE6539D}
		{BB60842A-DA46-4B17-B5FF-661EF57BB94E} = {7A044B0B-E4FB-46B8-93C1-CE3D2F04C45E}
		{DC1D9ADC-D237-40EF-9394-EC9E4CE75043} = {4F94BA0F-6ACF-4E32-8699-DB7A77ACA4B4}
	EndGlobalSection
	GlobalSection(ExtensibilityGlobals) = postSolution
		SolutionGuid = {CFE163AE-B741-4419-8D11-1D25C89BA6C0}
	EndGlobalSection
EndGlobal
